
Microsoft Visual Studio Solution File, Format Version 12.00
# Visual Studio Version 16
VisualStudioVersion = 16.0.31321.278
MinimumVisualStudioVersion = 10.0.40219.1
Project("{FAE04EC0-301F-11D3-BF4B-00C04F79EFBC}") = "WpfNavy", "WpfNavy.csproj", "{6C117D9B-8B4B-4F63-B589-F8343ABA7C40}"
EndProject
Project("{FAE04EC0-301F-11D3-BF4B-00C04F79EFBC}") = "BankTest", "BankTest\BankTest.csproj", "{D45640D8-96FE-4602-B69B-3831DF277695}"
EndProject
Global
	GlobalSection(SolutionConfigurationPlatforms) = preSolution
		Debug|Any CPU = Debug|Any CPU
		Release|Any CPU = Release|Any CPU
	EndGlobalSection
	GlobalSection(ProjectConfigurationPlatforms) = postSolution
		{6C117D9B-8B4B-4F63-B589-F8343ABA7C40}.Debug|Any CPU.ActiveCfg = Debug|Any CPU
		{6C117D9B-8B4B-4F63-B589-F8343ABA7C40}.Debug|Any CPU.Build.0 = Debug|Any CPU
		{6C117D9B-8B4B-4F63-B589-F8343ABA7C40}.Release|Any CPU.ActiveCfg = Release|Any CPU
		{6C117D9B-8B4B-4F63-B589-F8343ABA7C40}.Release|Any CPU.Build.0 = Release|Any CPU
		{D45640D8-96FE-4602-B69B-3831DF277695}.Debug|Any CPU.ActiveCfg = Debug|Any CPU
		{D45640D8-96FE-4602-B69B-3831DF277695}.Debug|Any CPU.Build.0 = Debug|Any CPU
		{D45640D8-96FE-4602-B69B-3831DF277695}.Release|Any CPU.ActiveCfg = Release|Any CPU
		{D45640D8-96FE-4602-B69B-3831DF277695}.Release|Any CPU.Build.0 = Release|Any CPU
	EndGlobalSection
	GlobalSection(SolutionProperties) = preSolution
		HideSolutionNode = FALSE
	EndGlobalSection
	GlobalSection(ExtensibilityGlobals) = postSolution
		SolutionGuid = {FCC479DA-3F52-44B3-BA27-02C219EACC97}
	EndGlobalSection
EndGlobal
